// !$*UTF8*$!
{
	archiveVersion = 1;
	classes = {
	};
	objectVersion = 45;
	objects = {

/* Begin PBXBuildFile section */
		0709D9FE104F213B00655E6D /* splash.png in Resources */ = {isa = PBXBuildFile; fileRef = 0709D9FD104F213B00655E6D /* splash.png */; };
		070AD5970F072F3500B77E82 /* GameOfLifeViewControllerTest.m in Sources */ = {isa = PBXBuildFile; fileRef = 070AD54A0F0728CC00B77E82 /* GameOfLifeViewControllerTest.m */; };
		070AD5C70F07F22400B77E82 /* GameOfLifeViewController.m in Sources */ = {isa = PBXBuildFile; fileRef = 28D7ACF70DDB3853001CB0EB /* GameOfLifeViewController.m */; };
		072E9FCC10507D97008F8625 /* background3.png in Resources */ = {isa = PBXBuildFile; fileRef = 072E9FCB10507D97008F8625 /* background3.png */; };
		073644680F225F87005E020C /* MockBoard.m in Sources */ = {isa = PBXBuildFile; fileRef = 073644670F225F87005E020C /* MockBoard.m */; };
		076788AF0F50C79400FEEACA /* alive_cell.png in Resources */ = {isa = PBXBuildFile; fileRef = 076788AE0F50C79400FEEACA /* alive_cell.png */; };
		076788E90F50CF5E00FEEACA /* alive_cell.png in Resources */ = {isa = PBXBuildFile; fileRef = 076788AE0F50C79400FEEACA /* alive_cell.png */; };
		0767890C0F50D30700FEEACA /* dead_cell.png in Resources */ = {isa = PBXBuildFile; fileRef = 0767890B0F50D30700FEEACA /* dead_cell.png */; };
		0767890D0F50D30700FEEACA /* dead_cell.png in Resources */ = {isa = PBXBuildFile; fileRef = 0767890B0F50D30700FEEACA /* dead_cell.png */; };
		07678AE30F52CB7B00FEEACA /* MockGame.m in Sources */ = {isa = PBXBuildFile; fileRef = 07678AE20F52CB7B00FEEACA /* MockGame.m */; };
		07678AE40F52CB7B00FEEACA /* MockGame.m in Sources */ = {isa = PBXBuildFile; fileRef = 07678AE20F52CB7B00FEEACA /* MockGame.m */; };
		07718A64105925DB008A4952 /* OCMock.framework in Frameworks */ = {isa = PBXBuildFile; fileRef = 07718A63105925DB008A4952 /* OCMock.framework */; };
		07718AFD105952BC008A4952 /* RulesController.m in Sources */ = {isa = PBXBuildFile; fileRef = 07718AFB105952BC008A4952 /* RulesController.m */; };
		07718AFE105952BC008A4952 /* RulesController.xib in Resources */ = {isa = PBXBuildFile; fileRef = 07718AFC105952BC008A4952 /* RulesController.xib */; };
		07718AFF105952BC008A4952 /* RulesController.m in Sources */ = {isa = PBXBuildFile; fileRef = 07718AFB105952BC008A4952 /* RulesController.m */; };
		07718B00105952BC008A4952 /* RulesController.xib in Resources */ = {isa = PBXBuildFile; fileRef = 07718AFC105952BC008A4952 /* RulesController.xib */; };
		077F6AC0105955C9008840CC /* RulesControllerTest.m in Sources */ = {isa = PBXBuildFile; fileRef = 077F6ABF105955C9008840CC /* RulesControllerTest.m */; };
		078065DB0F11601000F1BFA8 /* ButtonController.m in Sources */ = {isa = PBXBuildFile; fileRef = 078065DA0F11601000F1BFA8 /* ButtonController.m */; };
		078065DC0F11601000F1BFA8 /* ButtonController.m in Sources */ = {isa = PBXBuildFile; fileRef = 078065DA0F11601000F1BFA8 /* ButtonController.m */; };
		078DBE7B0F977E85003921DE /* MockGameRunner.m in Sources */ = {isa = PBXBuildFile; fileRef = 078DBE7A0F977E85003921DE /* MockGameRunner.m */; };
		0792AAA40F192B870021879E /* Cell.m in Sources */ = {isa = PBXBuildFile; fileRef = 0792AAA30F192B870021879E /* Cell.m */; };
		0792AAA50F192B870021879E /* Cell.m in Sources */ = {isa = PBXBuildFile; fileRef = 0792AAA30F192B870021879E /* Cell.m */; };
		0792AAA90F192BD80021879E /* CellTest.m in Sources */ = {isa = PBXBuildFile; fileRef = 0792AAA70F192BD80021879E /* CellTest.m */; };
		0792AC6E0F195CB20021879E /* MockButtonControllerFactory.m in Sources */ = {isa = PBXBuildFile; fileRef = 0792AC6D0F195CB20021879E /* MockButtonControllerFactory.m */; };
		079A0EAB105D451300940334 /* icon.png in Resources */ = {isa = PBXBuildFile; fileRef = 079A0EAA105D451300940334 /* icon.png */; };
		079F421E0F12CF63005FE2AC /* ButtonControllerTest.m in Sources */ = {isa = PBXBuildFile; fileRef = 079F421D0F12CF63005FE2AC /* ButtonControllerTest.m */; };
		07C3CE1F105AD483008E6B26 /* Default.png in Resources */ = {isa = PBXBuildFile; fileRef = 07C3CE1E105AD483008E6B26 /* Default.png */; };
		07D520D20F6887CD00164A46 /* GameRunnerTest.m in Sources */ = {isa = PBXBuildFile; fileRef = 07D520D10F6887CD00164A46 /* GameRunnerTest.m */; };
		07D520D70F68880F00164A46 /* GameRunner.m in Sources */ = {isa = PBXBuildFile; fileRef = 07D520D60F68880F00164A46 /* GameRunner.m */; };
		07D520D80F68880F00164A46 /* GameRunner.m in Sources */ = {isa = PBXBuildFile; fileRef = 07D520D60F68880F00164A46 /* GameRunner.m */; };
		07E84D830F119BFF005ACE54 /* ConcreteButtonControllerFactory.m in Sources */ = {isa = PBXBuildFile; fileRef = 07E84D820F119BFF005ACE54 /* ConcreteButtonControllerFactory.m */; };
		07E84D840F119BFF005ACE54 /* ConcreteButtonControllerFactory.m in Sources */ = {isa = PBXBuildFile; fileRef = 07E84D820F119BFF005ACE54 /* ConcreteButtonControllerFactory.m */; };
		07E84DAF0F119DCB005ACE54 /* ConcreteButtonControllerFactoryTest.m in Sources */ = {isa = PBXBuildFile; fileRef = 07E84DAE0F119DCB005ACE54 /* ConcreteButtonControllerFactoryTest.m */; };
		1D3623260D0F684500981E51 /* GameOfLifeAppDelegate.m in Sources */ = {isa = PBXBuildFile; fileRef = 1D3623250D0F684500981E51 /* GameOfLifeAppDelegate.m */; };
		1D60589B0D05DD56006BFB54 /* main.m in Sources */ = {isa = PBXBuildFile; fileRef = 29B97316FDCFA39411CA2CEA /* main.m */; };
		1D60589F0D05DD5A006BFB54 /* Foundation.framework in Frameworks */ = {isa = PBXBuildFile; fileRef = 1D30AB110D05D00D00671497 /* Foundation.framework */; };
		1DF5F4E00D08C38300B7A737 /* UIKit.framework in Frameworks */ = {isa = PBXBuildFile; fileRef = 1DF5F4DF0D08C38300B7A737 /* UIKit.framework */; };
		288765A50DF7441C002DB57D /* CoreGraphics.framework in Frameworks */ = {isa = PBXBuildFile; fileRef = 288765A40DF7441C002DB57D /* CoreGraphics.framework */; };
		2899E5220DE3E06400AC0155 /* GameOfLifeViewController.xib in Resources */ = {isa = PBXBuildFile; fileRef = 2899E5210DE3E06400AC0155 /* GameOfLifeViewController.xib */; };
		28AD733F0D9D9553002E5188 /* MainWindow.xib in Resources */ = {isa = PBXBuildFile; fileRef = 28AD733E0D9D9553002E5188 /* MainWindow.xib */; };
		28D7ACF80DDB3853001CB0EB /* GameOfLifeViewController.m in Sources */ = {isa = PBXBuildFile; fileRef = 28D7ACF70DDB3853001CB0EB /* GameOfLifeViewController.m */; };
		F862BFFC0EDAF65300EB670B /* GTMIPhoneUnitTestDelegate.m in Sources */ = {isa = PBXBuildFile; fileRef = F862BFF80EDAF65300EB670B /* GTMIPhoneUnitTestDelegate.m */; };
		F862BFFD0EDAF65300EB670B /* GTMIPhoneUnitTestMain.m in Sources */ = {isa = PBXBuildFile; fileRef = F862BFF90EDAF65300EB670B /* GTMIPhoneUnitTestMain.m */; };
		F862BFFE0EDAF65300EB670B /* GTMSenTestCase.m in Sources */ = {isa = PBXBuildFile; fileRef = F862BFFB0EDAF65300EB670B /* GTMSenTestCase.m */; };
		F862C00E0EDAF7EF00EB670B /* GOLBoardTest.m in Sources */ = {isa = PBXBuildFile; fileRef = F862C00D0EDAF7EF00EB670B /* GOLBoardTest.m */; };
		F862C0290EDAF95100EB670B /* GOLBoard.m in Sources */ = {isa = PBXBuildFile; fileRef = F862C0280EDAF95100EB670B /* GOLBoard.m */; };
		F862C02A0EDAF95100EB670B /* GOLBoard.m in Sources */ = {isa = PBXBuildFile; fileRef = F862C0280EDAF95100EB670B /* GOLBoard.m */; };
		F8795B990F001372004300C2 /* GameTest.m in Sources */ = {isa = PBXBuildFile; fileRef = F8795B980F001372004300C2 /* GameTest.m */; };
		F8795BA10F0013CB004300C2 /* Game.m in Sources */ = {isa = PBXBuildFile; fileRef = F8795BA00F0013CB004300C2 /* Game.m */; };
		F8795BA20F0013CB004300C2 /* Game.m in Sources */ = {isa = PBXBuildFile; fileRef = F8795BA00F0013CB004300C2 /* Game.m */; };
/* End PBXBuildFile section */

/* Begin PBXFileReference section */
		0709D9FD104F213B00655E6D /* splash.png */ = {isa = PBXFileReference; lastKnownFileType = image.png; path = splash.png; sourceTree = "<group>"; };
		070AD54A0F0728CC00B77E82 /* GameOfLifeViewControllerTest.m */ = {isa = PBXFileReference; fileEncoding = 4; lastKnownFileType = sourcecode.c.objc; path = GameOfLifeViewControllerTest.m; sourceTree = "<group>"; };
		072E9FCB10507D97008F8625 /* background3.png */ = {isa = PBXFileReference; lastKnownFileType = image.png; path = background3.png; sourceTree = "<group>"; };
		073644660F225F87005E020C /* MockBoard.h */ = {isa = PBXFileReference; fileEncoding = 4; lastKnownFileType = sourcecode.c.h; path = MockBoard.h; sourceTree = "<group>"; };
		073644670F225F87005E020C /* MockBoard.m */ = {isa = PBXFileReference; fileEncoding = 4; lastKnownFileType = sourcecode.c.objc; path = MockBoard.m; sourceTree = "<group>"; };
		076788AE0F50C79400FEEACA /* alive_cell.png */ = {isa = PBXFileReference; lastKnownFileType = image.png; path = alive_cell.png; sourceTree = "<group>"; };
		0767890B0F50D30700FEEACA /* dead_cell.png */ = {isa = PBXFileReference; lastKnownFileType = image.png; path = dead_cell.png; sourceTree = "<group>"; };
		07678AE10F52CB7B00FEEACA /* MockGame.h */ = {isa = PBXFileReference; fileEncoding = 4; lastKnownFileType = sourcecode.c.h; path = MockGame.h; sourceTree = "<group>"; };
		07678AE20F52CB7B00FEEACA /* MockGame.m */ = {isa = PBXFileReference; fileEncoding = 4; lastKnownFileType = sourcecode.c.objc; path = MockGame.m; sourceTree = "<group>"; };
		07718A63105925DB008A4952 /* OCMock.framework */ = {isa = PBXFileReference; lastKnownFileType = wrapper.framework; name = OCMock.framework; path = Frameworks/OCMock.framework; sourceTree = "<group>"; };
		07718AFA105952BC008A4952 /* RulesController.h */ = {isa = PBXFileReference; fileEncoding = 4; lastKnownFileType = sourcecode.c.h; path = RulesController.h; sourceTree = "<group>"; };
		07718AFB105952BC008A4952 /* RulesController.m */ = {isa = PBXFileReference; fileEncoding = 4; lastKnownFileType = sourcecode.c.objc; path = RulesController.m; sourceTree = "<group>"; };
		07718AFC105952BC008A4952 /* RulesController.xib */ = {isa = PBXFileReference; lastKnownFileType = file.xib; path = RulesController.xib; sourceTree = "<group>"; };
		077F6ABE105955C9008840CC /* RulesControllerTest.h */ = {isa = PBXFileReference; fileEncoding = 4; lastKnownFileType = sourcecode.c.h; path = RulesControllerTest.h; sourceTree = "<group>"; };
		077F6ABF105955C9008840CC /* RulesControllerTest.m */ = {isa = PBXFileReference; fileEncoding = 4; lastKnownFileType = sourcecode.c.objc; path = RulesControllerTest.m; sourceTree = "<group>"; };
		078065D90F11601000F1BFA8 /* ButtonController.h */ = {isa = PBXFileReference; fileEncoding = 4; lastKnownFileType = sourcecode.c.h; path = ButtonController.h; sourceTree = "<group>"; };
		078065DA0F11601000F1BFA8 /* ButtonController.m */ = {isa = PBXFileReference; fileEncoding = 4; lastKnownFileType = sourcecode.c.objc; path = ButtonController.m; sourceTree = "<group>"; };
		078DBE790F977E85003921DE /* MockGameRunner.h */ = {isa = PBXFileReference; fileEncoding = 4; lastKnownFileType = sourcecode.c.h; path = MockGameRunner.h; sourceTree = "<group>"; };
		078DBE7A0F977E85003921DE /* MockGameRunner.m */ = {isa = PBXFileReference; fileEncoding = 4; lastKnownFileType = sourcecode.c.objc; path = MockGameRunner.m; sourceTree = "<group>"; };
		078DBE7C0F977EE8003921DE /* GameRunnerProtocol.h */ = {isa = PBXFileReference; fileEncoding = 4; lastKnownFileType = sourcecode.c.h; path = GameRunnerProtocol.h; sourceTree = "<group>"; };
		0792AAA20F192B870021879E /* Cell.h */ = {isa = PBXFileReference; fileEncoding = 4; lastKnownFileType = sourcecode.c.h; path = Cell.h; sourceTree = "<group>"; };
		0792AAA30F192B870021879E /* Cell.m */ = {isa = PBXFileReference; fileEncoding = 4; lastKnownFileType = sourcecode.c.objc; path = Cell.m; sourceTree = "<group>"; };
		0792AAA70F192BD80021879E /* CellTest.m */ = {isa = PBXFileReference; fileEncoding = 4; lastKnownFileType = sourcecode.c.objc; path = CellTest.m; sourceTree = "<group>"; };
		0792AC5A0F195BE70021879E /* ButtonControllerFactoryProtocol.h */ = {isa = PBXFileReference; fileEncoding = 4; lastKnownFileType = sourcecode.c.h; path = ButtonControllerFactoryProtocol.h; sourceTree = "<group>"; };
		0792AC6C0F195CB20021879E /* MockButtonControllerFactory.h */ = {isa = PBXFileReference; fileEncoding = 4; lastKnownFileType = sourcecode.c.h; path = MockButtonControllerFactory.h; sourceTree = "<group>"; };
		0792AC6D0F195CB20021879E /* MockButtonControllerFactory.m */ = {isa = PBXFileReference; fileEncoding = 4; lastKnownFileType = sourcecode.c.objc; path = MockButtonControllerFactory.m; sourceTree = "<group>"; };
		079A0EAA105D451300940334 /* icon.png */ = {isa = PBXFileReference; lastKnownFileType = image.png; path = icon.png; sourceTree = "<group>"; };
		079F421D0F12CF63005FE2AC /* ButtonControllerTest.m */ = {isa = PBXFileReference; fileEncoding = 4; lastKnownFileType = sourcecode.c.objc; path = ButtonControllerTest.m; sourceTree = "<group>"; };
		07C3CE1E105AD483008E6B26 /* Default.png */ = {isa = PBXFileReference; lastKnownFileType = image.png; path = Default.png; sourceTree = "<group>"; };
		07D520D10F6887CD00164A46 /* GameRunnerTest.m */ = {isa = PBXFileReference; fileEncoding = 4; lastKnownFileType = sourcecode.c.objc; path = GameRunnerTest.m; sourceTree = "<group>"; };
		07D520D50F68880F00164A46 /* GameRunner.h */ = {isa = PBXFileReference; fileEncoding = 4; lastKnownFileType = sourcecode.c.h; path = GameRunner.h; sourceTree = "<group>"; };
		07D520D60F68880F00164A46 /* GameRunner.m */ = {isa = PBXFileReference; fileEncoding = 4; lastKnownFileType = sourcecode.c.objc; path = GameRunner.m; sourceTree = "<group>"; };
		07E84D810F119BFF005ACE54 /* ConcreteButtonControllerFactory.h */ = {isa = PBXFileReference; fileEncoding = 4; lastKnownFileType = sourcecode.c.h; path = ConcreteButtonControllerFactory.h; sourceTree = "<group>"; };
		07E84D820F119BFF005ACE54 /* ConcreteButtonControllerFactory.m */ = {isa = PBXFileReference; fileEncoding = 4; lastKnownFileType = sourcecode.c.objc; path = ConcreteButtonControllerFactory.m; sourceTree = "<group>"; };
		07E84DAE0F119DCB005ACE54 /* ConcreteButtonControllerFactoryTest.m */ = {isa = PBXFileReference; fileEncoding = 4; lastKnownFileType = sourcecode.c.objc; path = ConcreteButtonControllerFactoryTest.m; sourceTree = "<group>"; };
		1D30AB110D05D00D00671497 /* Foundation.framework */ = {isa = PBXFileReference; lastKnownFileType = wrapper.framework; name = Foundation.framework; path = System/Library/Frameworks/Foundation.framework; sourceTree = SDKROOT; };
		1D3623240D0F684500981E51 /* GameOfLifeAppDelegate.h */ = {isa = PBXFileReference; fileEncoding = 4; lastKnownFileType = sourcecode.c.h; name = GameOfLifeAppDelegate.h; path = Classes/GameOfLifeAppDelegate.h; sourceTree = "<group>"; };
		1D3623250D0F684500981E51 /* GameOfLifeAppDelegate.m */ = {isa = PBXFileReference; fileEncoding = 4; lastKnownFileType = sourcecode.c.objc; name = GameOfLifeAppDelegate.m; path = Classes/GameOfLifeAppDelegate.m; sourceTree = "<group>"; };
		1D6058910D05DD3D006BFB54 /* GameOfLife.app */ = {isa = PBXFileReference; explicitFileType = wrapper.application; includeInIndex = 0; path = GameOfLife.app; sourceTree = BUILT_PRODUCTS_DIR; };
		1DF5F4DF0D08C38300B7A737 /* UIKit.framework */ = {isa = PBXFileReference; lastKnownFileType = wrapper.framework; name = UIKit.framework; path = System/Library/Frameworks/UIKit.framework; sourceTree = SDKROOT; };
		288765A40DF7441C002DB57D /* CoreGraphics.framework */ = {isa = PBXFileReference; lastKnownFileType = wrapper.framework; name = CoreGraphics.framework; path = System/Library/Frameworks/CoreGraphics.framework; sourceTree = SDKROOT; };
		2899E5210DE3E06400AC0155 /* GameOfLifeViewController.xib */ = {isa = PBXFileReference; lastKnownFileType = file.xib; path = GameOfLifeViewController.xib; sourceTree = "<group>"; };
		28AD733E0D9D9553002E5188 /* MainWindow.xib */ = {isa = PBXFileReference; lastKnownFileType = file.xib; path = MainWindow.xib; sourceTree = "<group>"; };
		28D7ACF60DDB3853001CB0EB /* GameOfLifeViewController.h */ = {isa = PBXFileReference; fileEncoding = 4; lastKnownFileType = sourcecode.c.h; name = GameOfLifeViewController.h; path = Classes/GameOfLifeViewController.h; sourceTree = "<group>"; };
		28D7ACF70DDB3853001CB0EB /* GameOfLifeViewController.m */ = {isa = PBXFileReference; fileEncoding = 4; lastKnownFileType = sourcecode.c.objc; name = GameOfLifeViewController.m; path = Classes/GameOfLifeViewController.m; sourceTree = "<group>"; };
		29B97316FDCFA39411CA2CEA /* main.m */ = {isa = PBXFileReference; fileEncoding = 4; lastKnownFileType = sourcecode.c.objc; path = main.m; sourceTree = "<group>"; };
		32CA4F630368D1EE00C91783 /* GameOfLife_Prefix.pch */ = {isa = PBXFileReference; fileEncoding = 4; lastKnownFileType = sourcecode.c.h; path = GameOfLife_Prefix.pch; sourceTree = "<group>"; };
		8D1107310486CEB800E47090 /* Info.plist */ = {isa = PBXFileReference; fileEncoding = 4; lastKnownFileType = text.plist.xml; path = Info.plist; sourceTree = "<group>"; };
		F862BFF10EDAF62700EB670B /* UnitTests.app */ = {isa = PBXFileReference; explicitFileType = wrapper.application; includeInIndex = 0; path = UnitTests.app; sourceTree = BUILT_PRODUCTS_DIR; };
		F862BFF30EDAF62700EB670B /* UnitTests-Info.plist */ = {isa = PBXFileReference; lastKnownFileType = text.plist.xml; path = "UnitTests-Info.plist"; sourceTree = "<group>"; };
		F862BFF70EDAF65300EB670B /* GTMIPhoneUnitTestDelegate.h */ = {isa = PBXFileReference; fileEncoding = 4; lastKnownFileType = sourcecode.c.h; path = GTMIPhoneUnitTestDelegate.h; sourceTree = "<group>"; };
		F862BFF80EDAF65300EB670B /* GTMIPhoneUnitTestDelegate.m */ = {isa = PBXFileReference; fileEncoding = 4; lastKnownFileType = sourcecode.c.objc; path = GTMIPhoneUnitTestDelegate.m; sourceTree = "<group>"; };
		F862BFF90EDAF65300EB670B /* GTMIPhoneUnitTestMain.m */ = {isa = PBXFileReference; fileEncoding = 4; lastKnownFileType = sourcecode.c.objc; path = GTMIPhoneUnitTestMain.m; sourceTree = "<group>"; };
		F862BFFA0EDAF65300EB670B /* GTMSenTestCase.h */ = {isa = PBXFileReference; fileEncoding = 4; lastKnownFileType = sourcecode.c.h; path = GTMSenTestCase.h; sourceTree = "<group>"; };
		F862BFFB0EDAF65300EB670B /* GTMSenTestCase.m */ = {isa = PBXFileReference; fileEncoding = 4; lastKnownFileType = sourcecode.c.objc; path = GTMSenTestCase.m; sourceTree = "<group>"; };
		F862BFFF0EDAF66500EB670B /* GTMDefines.h */ = {isa = PBXFileReference; fileEncoding = 4; lastKnownFileType = sourcecode.c.h; path = GTMDefines.h; sourceTree = "<group>"; };
		F862C00D0EDAF7EF00EB670B /* GOLBoardTest.m */ = {isa = PBXFileReference; fileEncoding = 4; lastKnownFileType = sourcecode.c.objc; path = GOLBoardTest.m; sourceTree = "<group>"; };
		F862C0270EDAF95100EB670B /* GOLBoard.h */ = {isa = PBXFileReference; fileEncoding = 4; lastKnownFileType = sourcecode.c.h; name = GOLBoard.h; path = Classes/GOLBoard.h; sourceTree = "<group>"; };
		F862C0280EDAF95100EB670B /* GOLBoard.m */ = {isa = PBXFileReference; fileEncoding = 4; lastKnownFileType = sourcecode.c.objc; name = GOLBoard.m; path = Classes/GOLBoard.m; sourceTree = "<group>"; };
		F8795B980F001372004300C2 /* GameTest.m */ = {isa = PBXFileReference; fileEncoding = 4; lastKnownFileType = sourcecode.c.objc; path = GameTest.m; sourceTree = "<group>"; };
		F8795B9F0F0013CB004300C2 /* Game.h */ = {isa = PBXFileReference; fileEncoding = 4; lastKnownFileType = sourcecode.c.h; name = Game.h; path = Classes/Game.h; sourceTree = "<group>"; };
		F8795BA00F0013CB004300C2 /* Game.m */ = {isa = PBXFileReference; fileEncoding = 4; lastKnownFileType = sourcecode.c.objc; name = Game.m; path = Classes/Game.m; sourceTree = "<group>"; };
		F8AE53070F5389B10017008D /* GameProtocol.h */ = {isa = PBXFileReference; fileEncoding = 4; lastKnownFileType = sourcecode.c.h; path = GameProtocol.h; sourceTree = "<group>"; };
		F8B753C10F015A4700839756 /* BoardProtocol.h */ = {isa = PBXFileReference; fileEncoding = 4; lastKnownFileType = sourcecode.c.h; name = BoardProtocol.h; path = Classes/BoardProtocol.h; sourceTree = "<group>"; };
/* End PBXFileReference section */

/* Begin PBXFrameworksBuildPhase section */
		1D60588F0D05DD3D006BFB54 /* Frameworks */ = {
			isa = PBXFrameworksBuildPhase;
			buildActionMask = 2147483647;
			files = (
				1D60589F0D05DD5A006BFB54 /* Foundation.framework in Frameworks */,
				1DF5F4E00D08C38300B7A737 /* UIKit.framework in Frameworks */,
				288765A50DF7441C002DB57D /* CoreGraphics.framework in Frameworks */,
			);
			runOnlyForDeploymentPostprocessing = 0;
		};
		F862BFEF0EDAF62700EB670B /* Frameworks */ = {
			isa = PBXFrameworksBuildPhase;
			buildActionMask = 2147483647;
			files = (
				07718A64105925DB008A4952 /* OCMock.framework in Frameworks */,
			);
			runOnlyForDeploymentPostprocessing = 0;
		};
/* End PBXFrameworksBuildPhase section */

/* Begin PBXGroup section */
		078067580F11848300F1BFA8 /* Protocols */ = {
			isa = PBXGroup;
			children = (
				F8AE53070F5389B10017008D /* GameProtocol.h */,
				0792AC5A0F195BE70021879E /* ButtonControllerFactoryProtocol.h */,
				F8B753C10F015A4700839756 /* BoardProtocol.h */,
				078DBE7C0F977EE8003921DE /* GameRunnerProtocol.h */,
			);
			name = Protocols;
			sourceTree = "<group>";
		};
		079F42180F12CE7A005FE2AC /* Models */ = {
			isa = PBXGroup;
			children = (
				0792AAA20F192B870021879E /* Cell.h */,
				0792AAA30F192B870021879E /* Cell.m */,
				F862C0270EDAF95100EB670B /* GOLBoard.h */,
				F862C0280EDAF95100EB670B /* GOLBoard.m */,
				F8795B9F0F0013CB004300C2 /* Game.h */,
				F8795BA00F0013CB004300C2 /* Game.m */,
				07D520D50F68880F00164A46 /* GameRunner.h */,
				07D520D60F68880F00164A46 /* GameRunner.m */,
			);
			name = Models;
			path = ..;
			sourceTree = "<group>";
		};
		079F42190F12CE80005FE2AC /* View Controllers */ = {
			isa = PBXGroup;
			children = (
				07718AFA105952BC008A4952 /* RulesController.h */,
				07718AFB105952BC008A4952 /* RulesController.m */,
				1D3623240D0F684500981E51 /* GameOfLifeAppDelegate.h */,
				1D3623250D0F684500981E51 /* GameOfLifeAppDelegate.m */,
				28D7ACF60DDB3853001CB0EB /* GameOfLifeViewController.h */,
				28D7ACF70DDB3853001CB0EB /* GameOfLifeViewController.m */,
				078065D90F11601000F1BFA8 /* ButtonController.h */,
				078065DA0F11601000F1BFA8 /* ButtonController.m */,
				07E84D810F119BFF005ACE54 /* ConcreteButtonControllerFactory.h */,
				07E84D820F119BFF005ACE54 /* ConcreteButtonControllerFactory.m */,
			);
			name = "View Controllers";
			path = ..;
			sourceTree = "<group>";
		};
		079F421A0F12CEC7005FE2AC /* ViewControllers */ = {
			isa = PBXGroup;
			children = (
				079F421C0F12CF0F005FE2AC /* Mocks */,
				070AD54A0F0728CC00B77E82 /* GameOfLifeViewControllerTest.m */,
				077F6ABE105955C9008840CC /* RulesControllerTest.h */,
				077F6ABF105955C9008840CC /* RulesControllerTest.m */,
				07E84DAE0F119DCB005ACE54 /* ConcreteButtonControllerFactoryTest.m */,
				079F421D0F12CF63005FE2AC /* ButtonControllerTest.m */,
			);
			name = ViewControllers;
			sourceTree = "<group>";
		};
		079F421B0F12CEDE005FE2AC /* Models */ = {
			isa = PBXGroup;
			children = (
				07E84DC70F119F17005ACE54 /* Mocks */,
				F862C00D0EDAF7EF00EB670B /* GOLBoardTest.m */,
				F8795B980F001372004300C2 /* GameTest.m */,
				0792AAA70F192BD80021879E /* CellTest.m */,
				07D520D10F6887CD00164A46 /* GameRunnerTest.m */,
			);
			name = Models;
			sourceTree = "<group>";
		};
		079F421C0F12CF0F005FE2AC /* Mocks */ = {
			isa = PBXGroup;
			children = (
				0792AC6C0F195CB20021879E /* MockButtonControllerFactory.h */,
				0792AC6D0F195CB20021879E /* MockButtonControllerFactory.m */,
			);
			name = Mocks;
			sourceTree = "<group>";
		};
		07E84DC70F119F17005ACE54 /* Mocks */ = {
			isa = PBXGroup;
			children = (
				073644660F225F87005E020C /* MockBoard.h */,
				073644670F225F87005E020C /* MockBoard.m */,
				07678AE10F52CB7B00FEEACA /* MockGame.h */,
				07678AE20F52CB7B00FEEACA /* MockGame.m */,
				078DBE790F977E85003921DE /* MockGameRunner.h */,
				078DBE7A0F977E85003921DE /* MockGameRunner.m */,
			);
			name = Mocks;
			sourceTree = "<group>";
		};
		080E96DDFE201D6D7F000001 /* Classes */ = {
			isa = PBXGroup;
			children = (
				079F42180F12CE7A005FE2AC /* Models */,
				079F42190F12CE80005FE2AC /* View Controllers */,
			);
			path = Classes;
			sourceTree = "<group>";
		};
		19C28FACFE9D520D11CA2CBB /* Products */ = {
			isa = PBXGroup;
			children = (
				1D6058910D05DD3D006BFB54 /* GameOfLife.app */,
				F862BFF10EDAF62700EB670B /* UnitTests.app */,
			);
			name = Products;
			sourceTree = "<group>";
		};
		29B97314FDCFA39411CA2CEA /* CustomTemplate */ = {
			isa = PBXGroup;
			children = (
				078067580F11848300F1BFA8 /* Protocols */,
				F862C00F0EDAF80800EB670B /* Unit Test Framework */,
				F862BFEC0EDAF60F00EB670B /* Tests */,
				080E96DDFE201D6D7F000001 /* Classes */,
				29B97315FDCFA39411CA2CEA /* Other Sources */,
				29B97317FDCFA39411CA2CEA /* Resources */,
				29B97323FDCFA39411CA2CEA /* Frameworks */,
				19C28FACFE9D520D11CA2CBB /* Products */,
				F862BFF30EDAF62700EB670B /* UnitTests-Info.plist */,
			);
			name = CustomTemplate;
			sourceTree = "<group>";
		};
		29B97315FDCFA39411CA2CEA /* Other Sources */ = {
			isa = PBXGroup;
			children = (
				32CA4F630368D1EE00C91783 /* GameOfLife_Prefix.pch */,
				29B97316FDCFA39411CA2CEA /* main.m */,
			);
			name = "Other Sources";
			sourceTree = "<group>";
		};
		29B97317FDCFA39411CA2CEA /* Resources */ = {
			isa = PBXGroup;
			children = (
				079A0EAA105D451300940334 /* icon.png */,
				07C3CE1E105AD483008E6B26 /* Default.png */,
				072E9FCB10507D97008F8625 /* background3.png */,
				0709D9FD104F213B00655E6D /* splash.png */,
				0767890B0F50D30700FEEACA /* dead_cell.png */,
				076788AE0F50C79400FEEACA /* alive_cell.png */,
				2899E5210DE3E06400AC0155 /* GameOfLifeViewController.xib */,
				07718AFC105952BC008A4952 /* RulesController.xib */,
				28AD733E0D9D9553002E5188 /* MainWindow.xib */,
				8D1107310486CEB800E47090 /* Info.plist */,
			);
			name = Resources;
			sourceTree = "<group>";
		};
		29B97323FDCFA39411CA2CEA /* Frameworks */ = {
			isa = PBXGroup;
			children = (
				1DF5F4DF0D08C38300B7A737 /* UIKit.framework */,
				07718A63105925DB008A4952 /* OCMock.framework */,
				1D30AB110D05D00D00671497 /* Foundation.framework */,
				288765A40DF7441C002DB57D /* CoreGraphics.framework */,
			);
			name = Frameworks;
			sourceTree = "<group>";
		};
		F862BFEC0EDAF60F00EB670B /* Tests */ = {
			isa = PBXGroup;
			children = (
				079F421B0F12CEDE005FE2AC /* Models */,
				079F421A0F12CEC7005FE2AC /* ViewControllers */,
			);
			name = Tests;
			sourceTree = "<group>";
		};
		F862C00F0EDAF80800EB670B /* Unit Test Framework */ = {
			isa = PBXGroup;
			children = (
				F862BFFF0EDAF66500EB670B /* GTMDefines.h */,
				F862BFF70EDAF65300EB670B /* GTMIPhoneUnitTestDelegate.h */,
				F862BFF80EDAF65300EB670B /* GTMIPhoneUnitTestDelegate.m */,
				F862BFF90EDAF65300EB670B /* GTMIPhoneUnitTestMain.m */,
				F862BFFA0EDAF65300EB670B /* GTMSenTestCase.h */,
				F862BFFB0EDAF65300EB670B /* GTMSenTestCase.m */,
			);
			name = "Unit Test Framework";
			sourceTree = "<group>";
		};
/* End PBXGroup section */

/* Begin PBXNativeTarget section */
		1D6058900D05DD3D006BFB54 /* GameOfLife */ = {
			isa = PBXNativeTarget;
			buildConfigurationList = 1D6058960D05DD3E006BFB54 /* Build configuration list for PBXNativeTarget "GameOfLife" */;
			buildPhases = (
				1D60588D0D05DD3D006BFB54 /* Resources */,
				1D60588E0D05DD3D006BFB54 /* Sources */,
				1D60588F0D05DD3D006BFB54 /* Frameworks */,
			);
			buildRules = (
			);
			dependencies = (
			);
			name = GameOfLife;
			productName = GameOfLife;
			productReference = 1D6058910D05DD3D006BFB54 /* GameOfLife.app */;
			productType = "com.apple.product-type.application";
		};
		F862BFF00EDAF62700EB670B /* UnitTests */ = {
			isa = PBXNativeTarget;
			buildConfigurationList = F862BFF60EDAF62800EB670B /* Build configuration list for PBXNativeTarget "UnitTests" */;
			buildPhases = (
				F862BFED0EDAF62700EB670B /* Resources */,
				F862BFEE0EDAF62700EB670B /* Sources */,
				F862BFEF0EDAF62700EB670B /* Frameworks */,
				F862C0010EDAF66F00EB670B /* ShellScript */,
			);
			buildRules = (
			);
			dependencies = (
			);
			name = UnitTests;
			productName = UnitTests;
			productReference = F862BFF10EDAF62700EB670B /* UnitTests.app */;
			productType = "com.apple.product-type.application";
		};
/* End PBXNativeTarget section */

/* Begin PBXProject section */
		29B97313FDCFA39411CA2CEA /* Project object */ = {
			isa = PBXProject;
			buildConfigurationList = C01FCF4E08A954540054247B /* Build configuration list for PBXProject "GameOfLife" */;
			compatibilityVersion = "Xcode 3.1";
			hasScannedForEncodings = 1;
			mainGroup = 29B97314FDCFA39411CA2CEA /* CustomTemplate */;
			projectDirPath = "";
			projectRoot = "";
			targets = (
				1D6058900D05DD3D006BFB54 /* GameOfLife */,
				F862BFF00EDAF62700EB670B /* UnitTests */,
			);
		};
/* End PBXProject section */

/* Begin PBXResourcesBuildPhase section */
		1D60588D0D05DD3D006BFB54 /* Resources */ = {
			isa = PBXResourcesBuildPhase;
			buildActionMask = 2147483647;
			files = (
				28AD733F0D9D9553002E5188 /* MainWindow.xib in Resources */,
				2899E5220DE3E06400AC0155 /* GameOfLifeViewController.xib in Resources */,
				076788AF0F50C79400FEEACA /* alive_cell.png in Resources */,
				0767890C0F50D30700FEEACA /* dead_cell.png in Resources */,
				0709D9FE104F213B00655E6D /* splash.png in Resources */,
				072E9FCC10507D97008F8625 /* background3.png in Resources */,
				07718AFE105952BC008A4952 /* RulesController.xib in Resources */,
				07C3CE1F105AD483008E6B26 /* Default.png in Resources */,
				079A0EAB105D451300940334 /* icon.png in Resources */,
			);
			runOnlyForDeploymentPostprocessing = 0;
		};
		F862BFED0EDAF62700EB670B /* Resources */ = {
			isa = PBXResourcesBuildPhase;
			buildActionMask = 2147483647;
			files = (
				076788E90F50CF5E00FEEACA /* alive_cell.png in Resources */,
				0767890D0F50D30700FEEACA /* dead_cell.png in Resources */,
				07718B00105952BC008A4952 /* RulesController.xib in Resources */,
			);
			runOnlyForDeploymentPostprocessing = 0;
		};
/* End PBXResourcesBuildPhase section */

/* Begin PBXShellScriptBuildPhase section */
		F862C0010EDAF66F00EB670B /* ShellScript */ = {
			isa = PBXShellScriptBuildPhase;
			buildActionMask = 2147483647;
			files = (
			);
			inputPaths = (
			);
			outputPaths = (
			);
			runOnlyForDeploymentPostprocessing = 0;
			shellPath = /bin/sh;
			shellScript = scripts/RunIPhoneUnitTest.sh;
		};
/* End PBXShellScriptBuildPhase section */

/* Begin PBXSourcesBuildPhase section */
		1D60588E0D05DD3D006BFB54 /* Sources */ = {
			isa = PBXSourcesBuildPhase;
			buildActionMask = 2147483647;
			files = (
				1D60589B0D05DD56006BFB54 /* main.m in Sources */,
				1D3623260D0F684500981E51 /* GameOfLifeAppDelegate.m in Sources */,
				28D7ACF80DDB3853001CB0EB /* GameOfLifeViewController.m in Sources */,
				F862C02A0EDAF95100EB670B /* GOLBoard.m in Sources */,
				F8795BA20F0013CB004300C2 /* Game.m in Sources */,
				078065DC0F11601000F1BFA8 /* ButtonController.m in Sources */,
				07E84D840F119BFF005ACE54 /* ConcreteButtonControllerFactory.m in Sources */,
				0792AAA40F192B870021879E /* Cell.m in Sources */,
				07678AE30F52CB7B00FEEACA /* MockGame.m in Sources */,
				07D520D80F68880F00164A46 /* GameRunner.m in Sources */,
				07718AFD105952BC008A4952 /* RulesController.m in Sources */,
			);
			runOnlyForDeploymentPostprocessing = 0;
		};
		F862BFEE0EDAF62700EB670B /* Sources */ = {
			isa = PBXSourcesBuildPhase;
			buildActionMask = 2147483647;
			files = (
				070AD5C70F07F22400B77E82 /* GameOfLifeViewController.m in Sources */,
				070AD5970F072F3500B77E82 /* GameOfLifeViewControllerTest.m in Sources */,
				F862BFFC0EDAF65300EB670B /* GTMIPhoneUnitTestDelegate.m in Sources */,
				F862BFFD0EDAF65300EB670B /* GTMIPhoneUnitTestMain.m in Sources */,
				F862BFFE0EDAF65300EB670B /* GTMSenTestCase.m in Sources */,
				F862C00E0EDAF7EF00EB670B /* GOLBoardTest.m in Sources */,
				F862C0290EDAF95100EB670B /* GOLBoard.m in Sources */,
				F8795B990F001372004300C2 /* GameTest.m in Sources */,
				F8795BA10F0013CB004300C2 /* Game.m in Sources */,
				078065DB0F11601000F1BFA8 /* ButtonController.m in Sources */,
				07E84D830F119BFF005ACE54 /* ConcreteButtonControllerFactory.m in Sources */,
				07E84DAF0F119DCB005ACE54 /* ConcreteButtonControllerFactoryTest.m in Sources */,
				079F421E0F12CF63005FE2AC /* ButtonControllerTest.m in Sources */,
				0792AAA50F192B870021879E /* Cell.m in Sources */,
				0792AAA90F192BD80021879E /* CellTest.m in Sources */,
				0792AC6E0F195CB20021879E /* MockButtonControllerFactory.m in Sources */,
				073644680F225F87005E020C /* MockBoard.m in Sources */,
				07678AE40F52CB7B00FEEACA /* MockGame.m in Sources */,
				07D520D20F6887CD00164A46 /* GameRunnerTest.m in Sources */,
				07D520D70F68880F00164A46 /* GameRunner.m in Sources */,
				078DBE7B0F977E85003921DE /* MockGameRunner.m in Sources */,
				07718AFF105952BC008A4952 /* RulesController.m in Sources */,
				077F6AC0105955C9008840CC /* RulesControllerTest.m in Sources */,
			);
			runOnlyForDeploymentPostprocessing = 0;
		};
/* End PBXSourcesBuildPhase section */

/* Begin XCBuildConfiguration section */
		079A0E8D105C1A0200940334 /* Distribution */ = {
			isa = XCBuildConfiguration;
			buildSettings = {
				ARCHS = "$(ARCHS_STANDARD_32_BIT)";
				"CODE_SIGN_IDENTITY[sdk=iphoneos*]" = "iPhone Developer";
				GCC_C_LANGUAGE_STANDARD = c99;
				GCC_WARN_ABOUT_RETURN_TYPE = YES;
				GCC_WARN_UNUSED_VARIABLE = YES;
				PREBINDING = NO;
				SDKROOT = iphonesimulator2.0;
			};
			name = Distribution;
		};
		079A0E8E105C1A0200940334 /* Distribution */ = {
			isa = XCBuildConfiguration;
			buildSettings = {
				ALWAYS_SEARCH_USER_PATHS = NO;
				"CODE_SIGN_IDENTITY[sdk=iphoneos*]" = "iPhone Distribution: 8th Light";
				COPY_PHASE_STRIP = YES;
				FRAMEWORK_SEARCH_PATHS = (
					"$(inherited)",
					"\"$(SRCROOT)/Frameworks\"",
				);
				GCC_PRECOMPILE_PREFIX_HEADER = YES;
				GCC_PREFIX_HEADER = GameOfLife_Prefix.pch;
				INFOPLIST_FILE = Info.plist;
				PRODUCT_NAME = GameOfLife;
			};
			name = Distribution;
		};
		079A0E8F105C1A0200940334 /* Distribution */ = {
			isa = XCBuildConfiguration;
			buildSettings = {
				ALWAYS_SEARCH_USER_PATHS = NO;
				CODE_SIGN_IDENTITY = "iPhone Developer";
				COPY_PHASE_STRIP = YES;
				DEBUG_INFORMATION_FORMAT = "dwarf-with-dsym";
				FRAMEWORK_SEARCH_PATHS = (
					"$(inherited)",
					"\"$(SRCROOT)/Frameworks\"",
				);
				GCC_ENABLE_FIX_AND_CONTINUE = NO;
				GCC_PRECOMPILE_PREFIX_HEADER = YES;
				GCC_PREFIX_HEADER = "$(SYSTEM_LIBRARY_DIR)/Frameworks/UIKit.framework/Headers/UIKit.h";
				INFOPLIST_FILE = "UnitTests-Info.plist";
				INSTALL_PATH = "$(HOME)/Applications";
				OTHER_LDFLAGS = (
					"-framework",
					Foundation,
					"-framework",
					UIKit,
				);
				PREBINDING = NO;
				PRODUCT_NAME = UnitTests;
				SDKROOT = iphoneos2.1;
				ZERO_LINK = NO;
			};
			name = Distribution;
		};
		1D6058940D05DD3E006BFB54 /* Debug */ = {
			isa = XCBuildConfiguration;
			buildSettings = {
				ALWAYS_SEARCH_USER_PATHS = NO;
				COPY_PHASE_STRIP = NO;
				FRAMEWORK_SEARCH_PATHS = (
					"$(inherited)",
					"\"$(SRCROOT)/Frameworks\"",
				);
				GCC_DYNAMIC_NO_PIC = NO;
				GCC_OPTIMIZATION_LEVEL = 0;
				GCC_PRECOMPILE_PREFIX_HEADER = YES;
				GCC_PREFIX_HEADER = GameOfLife_Prefix.pch;
				INFOPLIST_FILE = Info.plist;
				PRODUCT_NAME = GameOfLife;
			};
			name = Debug;
		};
		1D6058950D05DD3E006BFB54 /* Release */ = {
			isa = XCBuildConfiguration;
			buildSettings = {
				ALWAYS_SEARCH_USER_PATHS = NO;
				COPY_PHASE_STRIP = YES;
				FRAMEWORK_SEARCH_PATHS = (
					"$(inherited)",
					"\"$(SRCROOT)/Frameworks\"",
				);
				GCC_PRECOMPILE_PREFIX_HEADER = YES;
				GCC_PREFIX_HEADER = GameOfLife_Prefix.pch;
				INFOPLIST_FILE = Info.plist;
				PRODUCT_NAME = GameOfLife;
			};
			name = Release;
		};
		C01FCF4F08A954540054247B /* Debug */ = {
			isa = XCBuildConfiguration;
			buildSettings = {
				ARCHS = "$(ARCHS_STANDARD_32_BIT)";
				"CODE_SIGN_IDENTITY[sdk=iphoneos*]" = "iPhone Developer";
				GCC_C_LANGUAGE_STANDARD = c99;
				GCC_WARN_ABOUT_RETURN_TYPE = YES;
				GCC_WARN_UNUSED_VARIABLE = YES;
				ONLY_ACTIVE_ARCH = YES;
				PREBINDING = NO;
				SDKROOT = iphonesimulator2.0;
			};
			name = Debug;
		};
		C01FCF5008A954540054247B /* Release */ = {
			isa = XCBuildConfiguration;
			buildSettings = {
				ARCHS = "$(ARCHS_STANDARD_32_BIT)";
				"CODE_SIGN_IDENTITY[sdk=iphoneos*]" = "iPhone Developer";
				GCC_C_LANGUAGE_STANDARD = c99;
				GCC_WARN_ABOUT_RETURN_TYPE = YES;
				GCC_WARN_UNUSED_VARIABLE = YES;
				PREBINDING = NO;
				SDKROOT = iphonesimulator2.0;
			};
			name = Release;
		};
		F862BFF40EDAF62800EB670B /* Debug */ = {
			isa = XCBuildConfiguration;
			buildSettings = {
				ALWAYS_SEARCH_USER_PATHS = NO;
				CODE_SIGN_IDENTITY = "iPhone Developer";
				COPY_PHASE_STRIP = NO;
				FRAMEWORK_SEARCH_PATHS = (
					"$(inherited)",
					"\"$(SRCROOT)/Frameworks\"",
				);
				GCC_DYNAMIC_NO_PIC = NO;
				GCC_OPTIMIZATION_LEVEL = 0;
				GCC_PRECOMPILE_PREFIX_HEADER = YES;
				GCC_PREFIX_HEADER = "$(SYSTEM_LIBRARY_DIR)/Frameworks/UIKit.framework/Headers/UIKit.h";
				INFOPLIST_FILE = "UnitTests-Info.plist";
				INSTALL_PATH = "$(HOME)/Applications";
				OTHER_LDFLAGS = (
					"-framework",
					Foundation,
					"-framework",
					UIKit,
				);
				PREBINDING = NO;
				PRODUCT_NAME = UnitTests;
				SDKROOT = iphoneos2.1;
			};
			name = Debug;
		};
		F862BFF50EDAF62800EB670B /* Release */ = {
			isa = XCBuildConfiguration;
			buildSettings = {
				ALWAYS_SEARCH_USER_PATHS = NO;
				CODE_SIGN_IDENTITY = "iPhone Developer";
				COPY_PHASE_STRIP = YES;
				DEBUG_INFORMATION_FORMAT = "dwarf-with-dsym";
				FRAMEWORK_SEARCH_PATHS = (
					"$(inherited)",
					"\"$(SRCROOT)/Frameworks\"",
				);
				GCC_ENABLE_FIX_AND_CONTINUE = NO;
				GCC_PRECOMPILE_PREFIX_HEADER = YES;
				GCC_PREFIX_HEADER = "$(SYSTEM_LIBRARY_DIR)/Frameworks/UIKit.framework/Headers/UIKit.h";
				INFOPLIST_FILE = "UnitTests-Info.plist";
				INSTALL_PATH = "$(HOME)/Applications";
				OTHER_LDFLAGS = (
					"-framework",
					Foundation,
					"-framework",
					UIKit,
				);
				PREBINDING = NO;
				PRODUCT_NAME = UnitTests;
				SDKROOT = iphoneos2.1;
				ZERO_LINK = NO;
			};
			name = Release;
		};
/* End XCBuildConfiguration section */

/* Begin XCConfigurationList section */
		1D6058960D05DD3E006BFB54 /* Build configuration list for PBXNativeTarget "GameOfLife" */ = {
			isa = XCConfigurationList;
			buildConfigurations = (
				1D6058940D05DD3E006BFB54 /* Debug */,
				1D6058950D05DD3E006BFB54 /* Release */,
				079A0E8E105C1A0200940334 /* Distribution */,
			);
			defaultConfigurationIsVisible = 0;
			defaultConfigurationName = Release;
		};
		C01FCF4E08A954540054247B /* Build configuration list for PBXProject "GameOfLife" */ = {
			isa = XCConfigurationList;
			buildConfigurations = (
				C01FCF4F08A954540054247B /* Debug */,
				C01FCF5008A954540054247B /* Release */,
				079A0E8D105C1A0200940334 /* Distribution */,
			);
			defaultConfigurationIsVisible = 0;
			defaultConfigurationName = Release;
		};
		F862BFF60EDAF62800EB670B /* Build configuration list for PBXNativeTarget "UnitTests" */ = {
			isa = XCConfigurationList;
			buildConfigurations = (
				F862BFF40EDAF62800EB670B /* Debug */,
				F862BFF50EDAF62800EB670B /* Release */,
				079A0E8F105C1A0200940334 /* Distribution */,
			);
			defaultConfigurationIsVisible = 0;
			defaultConfigurationName = Release;
		};
/* End XCConfigurationList section */
	};
	rootObject = 29B97313FDCFA39411CA2CEA /* Project object */;
}
